
Microsoft Visual Studio Solution File, Format Version 12.00
# Visual Studio Version 17
VisualStudioVersion = 17.11.35005.142
MinimumVisualStudioVersion = 10.0.40219.1
Project("{FAE04EC0-301F-11D3-BF4B-00C04F79EFBC}") = "Management", "Management\Management.csproj", "{DFDD29F3-ABC0-4DCA-899C-020554F4AA04}"
EndProject
Global
	GlobalSection(SolutionConfigurationPlatforms) = preSolution
		Debug|Any CPU = Debug|Any CPU
		Release|Any CPU = Release|Any CPU
	EndGlobalSection
	GlobalSection(ProjectConfigurationPlatforms) = postSolution
		{DFDD29F3-ABC0-4DCA-899C-020554F4AA04}.Debug|Any CPU.ActiveCfg = Debug|Any CPU
		{DFDD29F3-ABC0-4DCA-899C-020554F4AA04}.Debug|Any CPU.Build.0 = Debug|Any CPU
		{DFDD29F3-ABC0-4DCA-899C-020554F4AA04}.Release|Any CPU.ActiveCfg = Release|Any CPU
		{DFDD29F3-ABC0-4DCA-899C-020554F4AA04}.Release|Any CPU.Build.0 = Release|Any CPU
	EndGlobalSection
	GlobalSection(SolutionProperties) = preSolution
		HideSolutionNode = FALSE
	EndGlobalSection
	GlobalSection(ExtensibilityGlobals) = postSolution
		SolutionGuid = {226409D5-904B-4BB2-B79B-EFAF867ED8F1}
	EndGlobalSection
EndGlobal
